
Microsoft Visual Studio Solution File, Format Version 12.00
# Visual Studio 2013
VisualStudioVersion = 12.0.40629.0
MinimumVisualStudioVersion = 10.0.40219.1
Project("{FAE04EC0-301F-11D3-BF4B-00C04F79EFBC}") = "Agronegocios.Net", "Agronegocios.Net\Agronegocios.Net.csproj", "{9B392D76-A163-465F-B333-C8215251501E}"
EndProject
Project("{FAE04EC0-301F-11D3-BF4B-00C04F79EFBC}") = "Tipos", "Tipos\Tipos.csproj", "{C3FAEC5A-9852-4808-A4FE-F7B90708D9EA}"
EndProject
Global
	GlobalSection(SolutionConfigurationPlatforms) = preSolution
		Debug|Any CPU = Debug|Any CPU
		Release|Any CPU = Release|Any CPU
	EndGlobalSection
	GlobalSection(ProjectConfigurationPlatforms) = postSolution
		{9B392D76-A163-465F-B333-C8215251501E}.Debug|Any CPU.ActiveCfg = Debug|Any CPU
		{9B392D76-A163-465F-B333-C8215251501E}.Debug|Any CPU.Build.0 = Debug|Any CPU
		{9B392D76-A163-465F-B333-C8215251501E}.Release|Any CPU.ActiveCfg = Release|Any CPU
		{9B392D76-A163-465F-B333-C8215251501E}.Release|Any CPU.Build.0 = Release|Any CPU
		{C3FAEC5A-9852-4808-A4FE-F7B90708D9EA}.Debug|Any CPU.ActiveCfg = Debug|Any CPU
		{C3FAEC5A-9852-4808-A4FE-F7B90708D9EA}.Debug|Any CPU.Build.0 = Debug|Any CPU
		{C3FAEC5A-9852-4808-A4FE-F7B90708D9EA}.Release|Any CPU.ActiveCfg = Release|Any CPU
		{C3FAEC5A-9852-4808-A4FE-F7B90708D9EA}.Release|Any CPU.Build.0 = Release|Any CPU
	EndGlobalSection
	GlobalSection(SolutionProperties) = preSolution
		HideSolutionNode = FALSE
	EndGlobalSection
EndGlobal
